// !$*UTF8*$!
{
	archiveVersion = 1;
	classes = {
	};
	objectVersion = 50;
	objects = {

/* Begin PBXBuildFile section */
		E75086E420FECAC700293EB9 /* AppDelegate.swift in Sources */ = {isa = PBXBuildFile; fileRef = E75086E320FECAC700293EB9 /* AppDelegate.swift */; };
		E75086E620FECAC700293EB9 /* ViewController.swift in Sources */ = {isa = PBXBuildFile; fileRef = E75086E520FECAC700293EB9 /* ViewController.swift */; };
		E75086E920FECAC700293EB9 /* Main.storyboard in Resources */ = {isa = PBXBuildFile; fileRef = E75086E720FECAC700293EB9 /* Main.storyboard */; };
		E75086EB20FECAC800293EB9 /* Assets.xcassets in Resources */ = {isa = PBXBuildFile; fileRef = E75086EA20FECAC800293EB9 /* Assets.xcassets */; };
		E75086EE20FECAC800293EB9 /* LaunchScreen.storyboard in Resources */ = {isa = PBXBuildFile; fileRef = E75086EC20FECAC800293EB9 /* LaunchScreen.storyboard */; };
		E75086F920FECAC800293EB9 /* tableviewTests.swift in Sources */ = {isa = PBXBuildFile; fileRef = E75086F820FECAC800293EB9 /* tableviewTests.swift */; };
		E750870420FECAC800293EB9 /* tableviewUITests.swift in Sources */ = {isa = PBXBuildFile; fileRef = E750870320FECAC800293EB9 /* tableviewUITests.swift */; };
/* End PBXBuildFile section */

/* Begin PBXContainerItemProxy section */
		E75086F520FECAC800293EB9 /* PBXContainerItemProxy */ = {
			isa = PBXContainerItemProxy;
			containerPortal = E75086D820FECAC700293EB9 /* Project object */;
			proxyType = 1;
			remoteGlobalIDString = E75086DF20FECAC700293EB9;
			remoteInfo = tableview;
		};
		E750870020FECAC800293EB9 /* PBXContainerItemProxy */ = {
			isa = PBXContainerItemProxy;
			containerPortal = E75086D820FECAC700293EB9 /* Project object */;
			proxyType = 1;
			remoteGlobalIDString = E75086DF20FECAC700293EB9;
			remoteInfo = tableview;
		};
/* End PBXContainerItemProxy section */

/* Begin PBXFileReference section */
		E75086E020FECAC700293EB9 /* tableview.app */ = {isa = PBXFileReference; explicitFileType = wrapper.application; includeInIndex = 0; path = tableview.app; sourceTree = BUILT_PRODUCTS_DIR; };
		E75086E320FECAC700293EB9 /* AppDelegate.swift */ = {isa = PBXFileReference; lastKnownFileType = sourcecode.swift; path = AppDelegate.swift; sourceTree = "<group>"; };
		E75086E520FECAC700293EB9 /* ViewController.swift */ = {isa = PBXFileReference; lastKnownFileType = sourcecode.swift; path = ViewController.swift; sourceTree = "<group>"; };
		E75086E820FECAC700293EB9 /* Base */ = {isa = PBXFileReference; lastKnownFileType = file.storyboard; name = Base; path = Base.lproj/Main.storyboard; sourceTree = "<group>"; };
		E75086EA20FECAC800293EB9 /* Assets.xcassets */ = {isa = PBXFileReference; lastKnownFileType = folder.assetcatalog; path = Assets.xcassets; sourceTree = "<group>"; };
		E75086ED20FECAC800293EB9 /* Base */ = {isa = PBXFileReference; lastKnownFileType = file.storyboard; name = Base; path = Base.lproj/LaunchScreen.storyboard; sourceTree = "<group>"; };
		E75086EF20FECAC800293EB9 /* Info.plist */ = {isa = PBXFileReference; lastKnownFileType = text.plist.xml; path = Info.plist; sourceTree = "<group>"; };
		E75086F420FECAC800293EB9 /* tableviewTests.xctest */ = {isa = PBXFileReference; explicitFileType = wrapper.cfbundle; includeInIndex = 0; path = tableviewTests.xctest; sourceTree = BUILT_PRODUCTS_DIR; };
		E75086F820FECAC800293EB9 /* tableviewTests.swift */ = {isa = PBXFileReference; lastKnownFileType = sourcecode.swift; path = tableviewTests.swift; sourceTree = "<group>"; };
		E75086FA20FECAC800293EB9 /* Info.plist */ = {isa = PBXFileReference; lastKnownFileType = text.plist.xml; path = Info.plist; sourceTree = "<group>"; };
		E75086FF20FECAC800293EB9 /* tableviewUITests.xctest */ = {isa = PBXFileReference; explicitFileType = wrapper.cfbundle; includeInIndex = 0; path = tableviewUITests.xctest; sourceTree = BUILT_PRODUCTS_DIR; };
		E750870320FECAC800293EB9 /* tableviewUITests.swift */ = {isa = PBXFileReference; lastKnownFileType = sourcecode.swift; path = tableviewUITests.swift; sourceTree = "<group>"; };
		E750870520FECAC800293EB9 /* Info.plist */ = {isa = PBXFileReference; lastKnownFileType = text.plist.xml; path = Info.plist; sourceTree = "<group>"; };
/* End PBXFileReference section */

/* Begin PBXFrameworksBuildPhase section */
		E75086DD20FECAC700293EB9 /* Frameworks */ = {
			isa = PBXFrameworksBuildPhase;
			buildActionMask = 2147483647;
			files = (
			);
			runOnlyForDeploymentPostprocessing = 0;
		};
		E75086F120FECAC800293EB9 /* Frameworks */ = {
			isa = PBXFrameworksBuildPhase;
			buildActionMask = 2147483647;
			files = (
			);
			runOnlyForDeploymentPostprocessing = 0;
		};
		E75086FC20FECAC800293EB9 /* Frameworks */ = {
			isa = PBXFrameworksBuildPhase;
			buildActionMask = 2147483647;
			files = (
			);
			runOnlyForDeploymentPostprocessing = 0;
		};
/* End PBXFrameworksBuildPhase section */

/* Begin PBXGroup section */
		E75086D720FECAC700293EB9 = {
			isa = PBXGroup;
			children = (
				E75086E220FECAC700293EB9 /* tableview */,
				E75086F720FECAC800293EB9 /* tableviewTests */,
				E750870220FECAC800293EB9 /* tableviewUITests */,
				E75086E120FECAC700293EB9 /* Products */,
			);
			sourceTree = "<group>";
		};
		E75086E120FECAC700293EB9 /* Products */ = {
			isa = PBXGroup;
			children = (
				E75086E020FECAC700293EB9 /* tableview.app */,
				E75086F420FECAC800293EB9 /* tableviewTests.xctest */,
				E75086FF20FECAC800293EB9 /* tableviewUITests.xctest */,
			);
			name = Products;
			sourceTree = "<group>";
		};
		E75086E220FECAC700293EB9 /* tableview */ = {
			isa = PBXGroup;
			children = (
				E75086E320FECAC700293EB9 /* AppDelegate.swift */,
				E75086E520FECAC700293EB9 /* ViewController.swift */,
				E75086E720FECAC700293EB9 /* Main.storyboard */,
				E75086EA20FECAC800293EB9 /* Assets.xcassets */,
				E75086EC20FECAC800293EB9 /* LaunchScreen.storyboard */,
				E75086EF20FECAC800293EB9 /* Info.plist */,
			);
			path = tableview;
			sourceTree = "<group>";
		};
		E75086F720FECAC800293EB9 /* tableviewTests */ = {
			isa = PBXGroup;
			children = (
				E75086F820FECAC800293EB9 /* tableviewTests.swift */,
				E75086FA20FECAC800293EB9 /* Info.plist */,
			);
			path = tableviewTests;
			sourceTree = "<group>";
		};
		E750870220FECAC800293EB9 /* tableviewUITests */ = {
			isa = PBXGroup;
			children = (
				E750870320FECAC800293EB9 /* tableviewUITests.swift */,
				E750870520FECAC800293EB9 /* Info.plist */,
			);
			path = tableviewUITests;
			sourceTree = "<group>";
		};
/* End PBXGroup section */

/* Begin PBXNativeTarget section */
		E75086DF20FECAC700293EB9 /* tableview */ = {
			isa = PBXNativeTarget;
			buildConfigurationList = E750870820FECAC800293EB9 /* Build configuration list for PBXNativeTarget "tableview" */;
			buildPhases = (
				E75086DC20FECAC700293EB9 /* Sources */,
				E75086DD20FECAC700293EB9 /* Frameworks */,
				E75086DE20FECAC700293EB9 /* Resources */,
			);
			buildRules = (
			);
			dependencies = (
			);
			name = tableview;
			productName = tableview;
			productReference = E75086E020FECAC700293EB9 /* tableview.app */;
			productType = "com.apple.product-type.application";
		};
		E75086F320FECAC800293EB9 /* tableviewTests */ = {
			isa = PBXNativeTarget;
			buildConfigurationList = E750870B20FECAC800293EB9 /* Build configuration list for PBXNativeTarget "tableviewTests" */;
			buildPhases = (
				E75086F020FECAC800293EB9 /* Sources */,
				E75086F120FECAC800293EB9 /* Frameworks */,
				E75086F220FECAC800293EB9 /* Resources */,
			);
			buildRules = (
			);
			dependencies = (
				E75086F620FECAC800293EB9 /* PBXTargetDependency */,
			);
			name = tableviewTests;
			productName = tableviewTests;
			productReference = E75086F420FECAC800293EB9 /* tableviewTests.xctest */;
			productType = "com.apple.product-type.bundle.unit-test";
		};
		E75086FE20FECAC800293EB9 /* tableviewUITests */ = {
			isa = PBXNativeTarget;
			buildConfigurationList = E750870E20FECAC800293EB9 /* Build configuration list for PBXNativeTarget "tableviewUITests" */;
			buildPhases = (
				E75086FB20FECAC800293EB9 /* Sources */,
				E75086FC20FECAC800293EB9 /* Frameworks */,
				E75086FD20FECAC800293EB9 /* Resources */,
			);
			buildRules = (
			);
			dependencies = (
				E750870120FECAC800293EB9 /* PBXTargetDependency */,
			);
			name = tableviewUITests;
			productName = tableviewUITests;
			productReference = E75086FF20FECAC800293EB9 /* tableviewUITests.xctest */;
			productType = "com.apple.product-type.bundle.ui-testing";
		};
/* End PBXNativeTarget section */

/* Begin PBXProject section */
		E75086D820FECAC700293EB9 /* Project object */ = {
			isa = PBXProject;
			attributes = {
				LastSwiftUpdateCheck = 0940;
				LastUpgradeCheck = 0940;
				ORGANIZATIONNAME = "Kunio Terada";
				TargetAttributes = {
					E75086DF20FECAC700293EB9 = {
						CreatedOnToolsVersion = 9.4.1;
					};
					E75086F320FECAC800293EB9 = {
						CreatedOnToolsVersion = 9.4.1;
						TestTargetID = E75086DF20FECAC700293EB9;
					};
					E75086FE20FECAC800293EB9 = {
						CreatedOnToolsVersion = 9.4.1;
						TestTargetID = E75086DF20FECAC700293EB9;
					};
				};
			};
			buildConfigurationList = E75086DB20FECAC700293EB9 /* Build configuration list for PBXProject "tableview" */;
			compatibilityVersion = "Xcode 9.3";
			developmentRegion = en;
			hasScannedForEncodings = 0;
			knownRegions = (
				en,
				Base,
			);
			mainGroup = E75086D720FECAC700293EB9;
			productRefGroup = E75086E120FECAC700293EB9 /* Products */;
			projectDirPath = "";
			projectRoot = "";
			targets = (
				E75086DF20FECAC700293EB9 /* tableview */,
				E75086F320FECAC800293EB9 /* tableviewTests */,
				E75086FE20FECAC800293EB9 /* tableviewUITests */,
			);
		};
/* End PBXProject section */

/* Begin PBXResourcesBuildPhase section */
		E75086DE20FECAC700293EB9 /* Resources */ = {
			isa = PBXResourcesBuildPhase;
			buildActionMask = 2147483647;
			files = (
				E75086EE20FECAC800293EB9 /* LaunchScreen.storyboard in Resources */,
				E75086EB20FECAC800293EB9 /* Assets.xcassets in Resources */,
				E75086E920FECAC700293EB9 /* Main.storyboard in Resources */,
			);
			runOnlyForDeploymentPostprocessing = 0;
		};
		E75086F220FECAC800293EB9 /* Resources */ = {
			isa = PBXResourcesBuildPhase;
			buildActionMask = 2147483647;
			files = (
			);
			runOnlyForDeploymentPostprocessing = 0;
		};
		E75086FD20FECAC800293EB9 /* Resources */ = {
			isa = PBXResourcesBuildPhase;
			buildActionMask = 2147483647;
			files = (
			);
			runOnlyForDeploymentPostprocessing = 0;
		};
/* End PBXResourcesBuildPhase section */

/* Begin PBXSourcesBuildPhase section */
		E75086DC20FECAC700293EB9 /* Sources */ = {
			isa = PBXSourcesBuildPhase;
			buildActionMask = 2147483647;
			files = (
				E75086E620FECAC700293EB9 /* ViewController.swift in Sources */,
				E75086E420FECAC700293EB9 /* AppDelegate.swift in Sources */,
			);
			runOnlyForDeploymentPostprocessing = 0;
		};
		E75086F020FECAC800293EB9 /* Sources */ = {
			isa = PBXSourcesBuildPhase;
			buildActionMask = 2147483647;
			files = (
				E75086F920FECAC800293EB9 /* tableviewTests.swift in Sources */,
			);
			runOnlyForDeploymentPostprocessing = 0;
		};
		E75086FB20FECAC800293EB9 /* Sources */ = {
			isa = PBXSourcesBuildPhase;
			buildActionMask = 2147483647;
			files = (
				E750870420FECAC800293EB9 /* tableviewUITests.swift in Sources */,
			);
			runOnlyForDeploymentPostprocessing = 0;
		};
/* End PBXSourcesBuildPhase section */

/* Begin PBXTargetDependency section */
		E75086F620FECAC800293EB9 /* PBXTargetDependency */ = {
			isa = PBXTargetDependency;
			target = E75086DF20FECAC700293EB9 /* tableview */;
			targetProxy = E75086F520FECAC800293EB9 /* PBXContainerItemProxy */;
		};
		E750870120FECAC800293EB9 /* PBXTargetDependency */ = {
			isa = PBXTargetDependency;
			target = E75086DF20FECAC700293EB9 /* tableview */;
			targetProxy = E750870020FECAC800293EB9 /* PBXContainerItemProxy */;
		};
/* End PBXTargetDependency section */

/* Begin PBXVariantGroup section */
		E75086E720FECAC700293EB9 /* Main.storyboard */ = {
			isa = PBXVariantGroup;
			children = (
				E75086E820FECAC700293EB9 /* Base */,
			);
			name = Main.storyboard;
			sourceTree = "<group>";
		};
		E75086EC20FECAC800293EB9 /* LaunchScreen.storyboard */ = {
			isa = PBXVariantGroup;
			children = (
				E75086ED20FECAC800293EB9 /* Base */,
			);
			name = LaunchScreen.storyboard;
			sourceTree = "<group>";
		};
/* End PBXVariantGroup section */

/* Begin XCBuildConfiguration section */
		E750870620FECAC800293EB9 /* Debug */ = {
			isa = XCBuildConfiguration;
			buildSettings = {
				ALWAYS_SEARCH_USER_PATHS = NO;
				CLANG_ANALYZER_NONNULL = YES;
				CLANG_ANALYZER_NUMBER_OBJECT_CONVERSION = YES_AGGRESSIVE;
				CLANG_CXX_LANGUAGE_STANDARD = "gnu++14";
				CLANG_CXX_LIBRARY = "libc++";
				CLANG_ENABLE_MODULES = YES;
				CLANG_ENABLE_OBJC_ARC = YES;
				CLANG_ENABLE_OBJC_WEAK = YES;
				CLANG_WARN_BLOCK_CAPTURE_AUTORELEASING = YES;
				CLANG_WARN_BOOL_CONVERSION = YES;
				CLANG_WARN_COMMA = YES;
				CLANG_WARN_CONSTANT_CONVERSION = YES;
				CLANG_WARN_DEPRECATED_OBJC_IMPLEMENTATIONS = YES;
				CLANG_WARN_DIRECT_OBJC_ISA_USAGE = YES_ERROR;
				CLANG_WARN_DOCUMENTATION_COMMENTS = YES;
				CLANG_WARN_EMPTY_BODY = YES;
				CLANG_WARN_ENUM_CONVERSION = YES;
				CLANG_WARN_INFINITE_RECURSION = YES;
				CLANG_WARN_INT_CONVERSION = YES;
				CLANG_WARN_NON_LITERAL_NULL_CONVERSION = YES;
				CLANG_WARN_OBJC_IMPLICIT_RETAIN_SELF = YES;
				CLANG_WARN_OBJC_LITERAL_CONVERSION = YES;
				CLANG_WARN_OBJC_ROOT_CLASS = YES_ERROR;
				CLANG_WARN_RANGE_LOOP_ANALYSIS = YES;
				CLANG_WARN_STRICT_PROTOTYPES = YES;
				CLANG_WARN_SUSPICIOUS_MOVE = YES;
				CLANG_WARN_UNGUARDED_AVAILABILITY = YES_AGGRESSIVE;
				CLANG_WARN_UNREACHABLE_CODE = YES;
				CLANG_WARN__DUPLICATE_METHOD_MATCH = YES;
				CODE_SIGN_IDENTITY = "iPhone Developer";
				COPY_PHASE_STRIP = NO;
				DEBUG_INFORMATION_FORMAT = dwarf;
				ENABLE_STRICT_OBJC_MSGSEND = YES;
				ENABLE_TESTABILITY = YES;
				GCC_C_LANGUAGE_STANDARD = gnu11;
				GCC_DYNAMIC_NO_PIC = NO;
				GCC_NO_COMMON_BLOCKS = YES;
				GCC_OPTIMIZATION_LEVEL = 0;
				GCC_PREPROCESSOR_DEFINITIONS = (
					"DEBUG=1",
					"$(inherited)",
				);
				GCC_WARN_64_TO_32_BIT_CONVERSION = YES;
				GCC_WARN_ABOUT_RETURN_TYPE = YES_ERROR;
				GCC_WARN_UNDECLARED_SELECTOR = YES;
				GCC_WARN_UNINITIALIZED_AUTOS = YES_AGGRESSIVE;
				GCC_WARN_UNUSED_FUNCTION = YES;
				GCC_WARN_UNUSED_VARIABLE = YES;
				IPHONEOS_DEPLOYMENT_TARGET = 11.4;
				MTL_ENABLE_DEBUG_INFO = YES;
				ONLY_ACTIVE_ARCH = YES;
				SDKROOT = iphoneos;
				SWIFT_ACTIVE_COMPILATION_CONDITIONS = DEBUG;
				SWIFT_OPTIMIZATION_LEVEL = "-Onone";
			};
			name = Debug;
		};
		E750870720FECAC800293EB9 /* Release */ = {
			isa = XCBuildConfiguration;
			buildSettings = {
				ALWAYS_SEARCH_USER_PATHS = NO;
				CLANG_ANALYZER_NONNULL = YES;
				CLANG_ANALYZER_NUMBER_OBJECT_CONVERSION = YES_AGGRESSIVE;
				CLANG_CXX_LANGUAGE_STANDARD = "gnu++14";
				CLANG_CXX_LIBRARY = "libc++";
				CLANG_ENABLE_MODULES = YES;
				CLANG_ENABLE_OBJC_ARC = YES;
				CLANG_ENABLE_OBJC_WEAK = YES;
				CLANG_WARN_BLOCK_CAPTURE_AUTORELEASING = YES;
				CLANG_WARN_BOOL_CONVERSION = YES;
				CLANG_WARN_COMMA = YES;
				CLANG_WARN_CONSTANT_CONVERSION = YES;
				CLANG_WARN_DEPRECATED_OBJC_IMPLEMENTATIONS = YES;
				CLANG_WARN_DIRECT_OBJC_ISA_USAGE = YES_ERROR;
				CLANG_WARN_DOCUMENTATION_COMMENTS = YES;
				CLANG_WARN_EMPTY_BODY = YES;
				CLANG_WARN_ENUM_CONVERSION = YES;
				CLANG_WARN_INFINITE_RECURSION = YES;
				CLANG_WARN_INT_CONVERSION = YES;
				CLANG_WARN_NON_LITERAL_NULL_CONVERSION = YES;
				CLANG_WARN_OBJC_IMPLICIT_RETAIN_SELF = YES;
				CLANG_WARN_OBJC_LITERAL_CONVERSION = YES;
				CLANG_WARN_OBJC_ROOT_CLASS = YES_ERROR;
				CLANG_WARN_RANGE_LOOP_ANALYSIS = YES;
				CLANG_WARN_STRICT_PROTOTYPES = YES;
				CLANG_WARN_SUSPICIOUS_MOVE = YES;
				CLANG_WARN_UNGUARDED_AVAILABILITY = YES_AGGRESSIVE;
				CLANG_WARN_UNREACHABLE_CODE = YES;
				CLANG_WARN__DUPLICATE_METHOD_MATCH = YES;
				CODE_SIGN_IDENTITY = "iPhone Developer";
				COPY_PHASE_STRIP = NO;
				DEBUG_INFORMATION_FORMAT = "dwarf-with-dsym";
				ENABLE_NS_ASSERTIONS = NO;
				ENABLE_STRICT_OBJC_MSGSEND = YES;
				GCC_C_LANGUAGE_STANDARD = gnu11;
				GCC_NO_COMMON_BLOCKS = YES;
				GCC_WARN_64_TO_32_BIT_CONVERSION = YES;
				GCC_WARN_ABOUT_RETURN_TYPE = YES_ERROR;
				GCC_WARN_UNDECLARED_SELECTOR = YES;
				GCC_WARN_UNINITIALIZED_AUTOS = YES_AGGRESSIVE;
				GCC_WARN_UNUSED_FUNCTION = YES;
				GCC_WARN_UNUSED_VARIABLE = YES;
				IPHONEOS_DEPLOYMENT_TARGET = 11.4;
				MTL_ENABLE_DEBUG_INFO = NO;
				SDKROOT = iphoneos;
				SWIFT_COMPILATION_MODE = wholemodule;
				SWIFT_OPTIMIZATION_LEVEL = "-O";
				VALIDATE_PRODUCT = YES;
			};
			name = Release;
		};
		E750870920FECAC800293EB9 /* Debug */ = {
			isa = XCBuildConfiguration;
			buildSettings = {
				ASSETCATALOG_COMPILER_APPICON_NAME = AppIcon;
				CODE_SIGN_STYLE = Automatic;
				INFOPLIST_FILE = tableview/Info.plist;
				LD_RUNPATH_SEARCH_PATHS = (
					"$(inherited)",
					"@executable_path/Frameworks",
				);
				PRODUCT_BUNDLE_IDENTIFIER = aa.tableview;
				PRODUCT_NAME = "$(TARGET_NAME)";
				SWIFT_VERSION = 4.0;
				TARGETED_DEVICE_FAMILY = "1,2";
			};
			name = Debug;
		};
		E750870A20FECAC800293EB9 /* Release */ = {
			isa = XCBuildConfiguration;
			buildSettings = {
				ASSETCATALOG_COMPILER_APPICON_NAME = AppIcon;
				CODE_SIGN_STYLE = Automatic;
				INFOPLIST_FILE = tableview/Info.plist;
				LD_RUNPATH_SEARCH_PATHS = (
					"$(inherited)",
					"@executable_path/Frameworks",
				);
				PRODUCT_BUNDLE_IDENTIFIER = aa.tableview;
				PRODUCT_NAME = "$(TARGET_NAME)";
				SWIFT_VERSION = 4.0;
				TARGETED_DEVICE_FAMILY = "1,2";
			};
			name = Release;
		};
		E750870C20FECAC800293EB9 /* Debug */ = {
			isa = XCBuildConfiguration;
			buildSettings = {
				ALWAYS_EMBED_SWIFT_STANDARD_LIBRARIES = YES;
				BUNDLE_LOADER = "$(TEST_HOST)";
				CODE_SIGN_STYLE = Automatic;
				INFOPLIST_FILE = tableviewTests/Info.plist;
				LD_RUNPATH_SEARCH_PATHS = (
					"$(inherited)",
					"@executable_path/Frameworks",
					"@loader_path/Frameworks",
				);
				PRODUCT_BUNDLE_IDENTIFIER = aa.tableviewTests;
				PRODUCT_NAME = "$(TARGET_NAME)";
				SWIFT_VERSION = 4.0;
				TARGETED_DEVICE_FAMILY = "1,2";
				TEST_HOST = "$(BUILT_PRODUCTS_DIR)/tableview.app/tableview";
			};
			name = Debug;
		};
		E750870D20FECAC800293EB9 /* Release */ = {
			isa = XCBuildConfiguration;
			buildSettings = {
				ALWAYS_EMBED_SWIFT_STANDARD_LIBRARIES = YES;
				BUNDLE_LOADER = "$(TEST_HOST)";
				CODE_SIGN_STYLE = Automatic;
				INFOPLIST_FILE = tableviewTests/Info.plist;
				LD_RUNPATH_SEARCH_PATHS = (
					"$(inherited)",
					"@executable_path/Frameworks",
					"@loader_path/Frameworks",
				);
				PRODUCT_BUNDLE_IDENTIFIER = aa.tableviewTests;
				PRODUCT_NAME = "$(TARGET_NAME)";
				SWIFT_VERSION = 4.0;
				TARGETED_DEVICE_FAMILY = "1,2";
				TEST_HOST = "$(BUILT_PRODUCTS_DIR)/tableview.app/tableview";
			};
			name = Release;
		};
		E750870F20FECAC800293EB9 /* Debug */ = {
			isa = XCBuildConfiguration;
			buildSettings = {
				ALWAYS_EMBED_SWIFT_STANDARD_LIBRARIES = YES;
				CODE_SIGN_STYLE = Automatic;
				INFOPLIST_FILE = tableviewUITests/Info.plist;
				LD_RUNPATH_SEARCH_PATHS = (
					"$(inherited)",
					"@executable_path/Frameworks",
					"@loader_path/Frameworks",
				);
				PRODUCT_BUNDLE_IDENTIFIER = aa.tableviewUITests;
				PRODUCT_NAME = "$(TARGET_NAME)";
				SWIFT_VERSION = 4.0;
				TARGETED_DEVICE_FAMILY = "1,2";
				TEST_TARGET_NAME = tableview;
			};
			name = Debug;
		};
		E750871020FECAC800293EB9 /* Release */ = {
			isa = XCBuildConfiguration;
			buildSettings = {
				ALWAYS_EMBED_SWIFT_STANDARD_LIBRARIES = YES;
				CODE_SIGN_STYLE = Automatic;
				INFOPLIST_FILE = tableviewUITests/Info.plist;
				LD_RUNPATH_SEARCH_PATHS = (
					"$(inherited)",
					"@executable_path/Frameworks",
					"@loader_path/Frameworks",
				);
				PRODUCT_BUNDLE_IDENTIFIER = aa.tableviewUITests;
				PRODUCT_NAME = "$(TARGET_NAME)";
				SWIFT_VERSION = 4.0;
				TARGETED_DEVICE_FAMILY = "1,2";
				TEST_TARGET_NAME = tableview;
			};
			name = Release;
		};
/* End XCBuildConfiguration section */

/* Begin XCConfigurationList section */
		E75086DB20FECAC700293EB9 /* Build configuration list for PBXProject "tableview" */ = {
			isa = XCConfigurationList;
			buildConfigurations = (
				E750870620FECAC800293EB9 /* Debug */,
				E750870720FECAC800293EB9 /* Release */,
			);
			defaultConfigurationIsVisible = 0;
			defaultConfigurationName = Release;
		};
		E750870820FECAC800293EB9 /* Build configuration list for PBXNativeTarget "tableview" */ = {
			isa = XCConfigurationList;
			buildConfigurations = (
				E750870920FECAC800293EB9 /* Debug */,
				E750870A20FECAC800293EB9 /* Release */,
			);
			defaultConfigurationIsVisible = 0;
			defaultConfigurationName = Release;
		};
		E750870B20FECAC800293EB9 /* Build configuration list for PBXNativeTarget "tableviewTests" */ = {
			isa = XCConfigurationList;
			buildConfigurations = (
				E750870C20FECAC800293EB9 /* Debug */,
				E750870D20FECAC800293EB9 /* Release */,
			);
			defaultConfigurationIsVisible = 0;
			defaultConfigurationName = Release;
		};
		E750870E20FECAC800293EB9 /* Build configuration list for PBXNativeTarget "tableviewUITests" */ = {
			isa = XCConfigurationList;
			buildConfigurations = (
				E750870F20FECAC800293EB9 /* Debug */,
				E750871020FECAC800293EB9 /* Release */,
			);
			defaultConfigurationIsVisible = 0;
			defaultConfigurationName = Release;
		};
/* End XCConfigurationList section */
	};
	rootObject = E75086D820FECAC700293EB9 /* Project object */;
}
